
Microsoft Visual Studio Solution File, Format Version 12.00
# Visual Studio Version 17
VisualStudioVersion = 17.7.34031.279
MinimumVisualStudioVersion = 10.0.40219.1
Project("{FAE04EC0-301F-11D3-BF4B-00C04F79EFBC}") = "SinemaSalonu", "SinemaSalonu\SinemaSalonu.csproj", "{DF013B94-8FA9-4F64-988E-2CB98065CFE2}"
EndProject
Global
	GlobalSection(SolutionConfigurationPlatforms) = preSolution
		Debug|Any CPU = Debug|Any CPU
		Release|Any CPU = Release|Any CPU
	EndGlobalSection
	GlobalSection(ProjectConfigurationPlatforms) = postSolution
		{DF013B94-8FA9-4F64-988E-2CB98065CFE2}.Debug|Any CPU.ActiveCfg = Debug|Any CPU
		{DF013B94-8FA9-4F64-988E-2CB98065CFE2}.Debug|Any CPU.Build.0 = Debug|Any CPU
		{DF013B94-8FA9-4F64-988E-2CB98065CFE2}.Release|Any CPU.ActiveCfg = Release|Any CPU
		{DF013B94-8FA9-4F64-988E-2CB98065CFE2}.Release|Any CPU.Build.0 = Release|Any CPU
	EndGlobalSection
	GlobalSection(SolutionProperties) = preSolution
		HideSolutionNode = FALSE
	EndGlobalSection
	GlobalSection(ExtensibilityGlobals) = postSolution
		SolutionGuid = {07D30E2F-2953-4B87-A42C-CD21799CEFA9}
	EndGlobalSection
EndGlobal
